
Microsoft Visual Studio Solution File, Format Version 12.00
# Visual Studio 15
VisualStudioVersion = 15.0.34729.27
MinimumVisualStudioVersion = 10.0.40219.1
Project("{8BC9CEB8-8B4A-11D0-8D11-00A0C91BC942}") = "designPattern", "designPattern\designPattern.vcxproj", "{2150AA55-4524-4874-9882-D6C52B087A98}"
EndProject
Project("{8BC9CEB8-8B4A-11D0-8D11-00A0C91BC942}") = "StatePattern", "StatePattern\StatePattern.vcxproj", "{61D263DA-F409-4DDB-AA3C-0507446035CE}"
EndProject
Project("{8BC9CEB8-8B4A-11D0-8D11-00A0C91BC942}") = "strategyPattern", "strategyPattern\strategyPattern.vcxproj", "{920F4E83-6542-45B5-8D26-4E045C5ABA40}"
EndProject
Project("{8BC9CEB8-8B4A-11D0-8D11-00A0C91BC942}") = "flyweightPattern", "flyweightPattern\flyweightPattern.vcxproj", "{15439CA7-A3A0-4BA3-A30B-2BF1531B1224}"
EndProject
Project("{8BC9CEB8-8B4A-11D0-8D11-00A0C91BC942}") = "ProxyPattern", "ProxyPattern\ProxyPattern.vcxproj", "{BE09080C-67BB-4CF3-91F7-703FDD0DB538}"
EndProject
Project("{8BC9CEB8-8B4A-11D0-8D11-00A0C91BC942}") = "CommandPattern", "CommandPattern\CommandPattern.vcxproj", "{C5E6AC05-8306-4F75-9A31-D65837D2C252}"
EndProject
Project("{8BC9CEB8-8B4A-11D0-8D11-00A0C91BC942}") = "Interpreterpattern", "Interpreterpattern\Interpreterpattern.vcxproj", "{586620E0-2E8A-4995-B172-0BC866A3A460}"
EndProject
Project("{8BC9CEB8-8B4A-11D0-8D11-00A0C91BC942}") = "AdapterPattern", "AdapterPattern\AdapterPattern.vcxproj", "{A7796325-EB6E-4E48-9835-17A4681FD9C4}"
EndProject
Project("{8BC9CEB8-8B4A-11D0-8D11-00A0C91BC942}") = "BridgePattern", "BridgePattern\BridgePattern.vcxproj", "{E1A9DD86-C597-4258-A3C8-04ED7A528B49}"
EndProject
Project("{8BC9CEB8-8B4A-11D0-8D11-00A0C91BC942}") = "ObserverPattern", "ObserverPattern\ObserverPattern.vcxproj", "{97D5D64E-AEE7-4B3D-87A8-2EF30B1147CB}"
EndProject
Project("{8BC9CEB8-8B4A-11D0-8D11-00A0C91BC942}") = "TemplatePattern", "TemplatePattern\TemplatePattern.vcxproj", "{CFCD785C-7C0F-4354-83AD-6B056C6E02D1}"
EndProject
Project("{8BC9CEB8-8B4A-11D0-8D11-00A0C91BC942}") = "FilterPattern", "FilterPattern\FilterPattern.vcxproj", "{962EC712-A7A5-4583-9C0C-5BC01DA5C32E}"
EndProject
Project("{8BC9CEB8-8B4A-11D0-8D11-00A0C91BC942}") = "CompositePattern", "CompositePattern\CompositePattern.vcxproj", "{244A432C-5460-4809-BF92-A5573505B3A7}"
EndProject
Project("{8BC9CEB8-8B4A-11D0-8D11-00A0C91BC942}") = "DecoratorPattern", "DecoratorPattern\DecoratorPattern.vcxproj", "{1BBE111A-CE36-4895-A0F3-1CD95E1C9FF5}"
EndProject
Project("{8BC9CEB8-8B4A-11D0-8D11-00A0C91BC942}") = "FacadePattern", "FacadePattern\FacadePattern.vcxproj", "{915EE47F-E50B-4D05-99E7-F54BF63C2423}"
EndProject
Project("{8BC9CEB8-8B4A-11D0-8D11-00A0C91BC942}") = "FactoryPattern", "FactoryPattern\FactoryPattern.vcxproj", "{D7C37773-9599-4611-B8D1-57BA34FDAAEC}"
EndProject
Project("{8BC9CEB8-8B4A-11D0-8D11-00A0C91BC942}") = "AbstractFactoryPattern", "AbstractFactoryPattern\AbstractFactoryPattern.vcxproj", "{20AC5FCE-772B-452B-8E0D-531A79E5777D}"
EndProject
Project("{8BC9CEB8-8B4A-11D0-8D11-00A0C91BC942}") = "SingletonPattern", "SingletonPattern\SingletonPattern.vcxproj", "{06E6B166-06C7-4452-8181-50DCA2BE66A4}"
EndProject
Project("{8BC9CEB8-8B4A-11D0-8D11-00A0C91BC942}") = "PrototypePattern", "PrototypePattern\PrototypePattern.vcxproj", "{D7DDDE20-2192-443A-AAFF-C907B6DAD521}"
EndProject
Project("{2150E333-8FDC-42A3-9474-1A3956D46DE8}") = "创建型", "创建型", "{D900B745-9F62-4BF0-9E39-C581773C7483}"
EndProject
Project("{2150E333-8FDC-42A3-9474-1A3956D46DE8}") = "结构型", "结构型", "{4B514848-0AB7-4B9C-8CAD-10516FAEB08D}"
EndProject
Project("{2150E333-8FDC-42A3-9474-1A3956D46DE8}") = "行为型", "行为型", "{87D377A9-EF37-4BCC-BAD3-E2F3547D4100}"
EndProject
Project("{8BC9CEB8-8B4A-11D0-8D11-00A0C91BC942}") = "BuilderPattern", "BuilderPattern\BuilderPattern.vcxproj", "{A59CE66D-9266-47D8-8220-8EA56F4E4E63}"
EndProject
Project("{2150E333-8FDC-42A3-9474-1A3956D46DE8}") = "J2EE", "J2EE", "{2A6D04F7-F679-4F91-B80E-338FD476FDBD}"
EndProject
Project("{8BC9CEB8-8B4A-11D0-8D11-00A0C91BC942}") = "ChainOfResponsibilityPattern", "ChainOfResponsibilityPattern\ChainOfResponsibilityPattern.vcxproj", "{AC1BB1FC-358E-492B-9BEF-D9C6EC728587}"
EndProject
Project("{8BC9CEB8-8B4A-11D0-8D11-00A0C91BC942}") = "VisitorPattern", "VisitorPattern\VisitorPattern.vcxproj", "{BB2D068A-CD9C-4C81-B5DC-84528B8F05E2}"
EndProject
Project("{8BC9CEB8-8B4A-11D0-8D11-00A0C91BC942}") = "NullObjectPattern", "NullObjectPattern\NullObjectPattern.vcxproj", "{AE35E66A-BAA9-451A-B1B4-C457F11E4073}"
EndProject
Project("{8BC9CEB8-8B4A-11D0-8D11-00A0C91BC942}") = "IteratorPattern", "IteratorPattern\IteratorPattern.vcxproj", "{99B15C8A-2AA0-4AE0-826B-DF1C42DCDF59}"
EndProject
Project("{8BC9CEB8-8B4A-11D0-8D11-00A0C91BC942}") = "MediatorPattern", "MediatorPattern\MediatorPattern.vcxproj", "{FAB2ECC6-FC39-4795-AC04-9119A34C75DC}"
EndProject
Project("{8BC9CEB8-8B4A-11D0-8D11-00A0C91BC942}") = "MementoPattern", "MementoPattern\MementoPattern.vcxproj", "{9980FD39-2787-45A6-B47D-A5ADE8412944}"
EndProject
Global
	GlobalSection(SolutionConfigurationPlatforms) = preSolution
		Debug|x64 = Debug|x64
		Debug|x86 = Debug|x86
		Release|x64 = Release|x64
		Release|x86 = Release|x86
	EndGlobalSection
	GlobalSection(ProjectConfigurationPlatforms) = postSolution
		{2150AA55-4524-4874-9882-D6C52B087A98}.Debug|x64.ActiveCfg = Debug|x64
		{2150AA55-4524-4874-9882-D6C52B087A98}.Debug|x64.Build.0 = Debug|x64
		{2150AA55-4524-4874-9882-D6C52B087A98}.Debug|x86.ActiveCfg = Debug|Win32
		{2150AA55-4524-4874-9882-D6C52B087A98}.Debug|x86.Build.0 = Debug|Win32
		{2150AA55-4524-4874-9882-D6C52B087A98}.Release|x64.ActiveCfg = Release|x64
		{2150AA55-4524-4874-9882-D6C52B087A98}.Release|x64.Build.0 = Release|x64
		{2150AA55-4524-4874-9882-D6C52B087A98}.Release|x86.ActiveCfg = Release|Win32
		{2150AA55-4524-4874-9882-D6C52B087A98}.Release|x86.Build.0 = Release|Win32
		{61D263DA-F409-4DDB-AA3C-0507446035CE}.Debug|x64.ActiveCfg = Debug|x64
		{61D263DA-F409-4DDB-AA3C-0507446035CE}.Debug|x64.Build.0 = Debug|x64
		{61D263DA-F409-4DDB-AA3C-0507446035CE}.Debug|x86.ActiveCfg = Debug|Win32
		{61D263DA-F409-4DDB-AA3C-0507446035CE}.Debug|x86.Build.0 = Debug|Win32
		{61D263DA-F409-4DDB-AA3C-0507446035CE}.Release|x64.ActiveCfg = Release|x64
		{61D263DA-F409-4DDB-AA3C-0507446035CE}.Release|x64.Build.0 = Release|x64
		{61D263DA-F409-4DDB-AA3C-0507446035CE}.Release|x86.ActiveCfg = Release|Win32
		{61D263DA-F409-4DDB-AA3C-0507446035CE}.Release|x86.Build.0 = Release|Win32
		{920F4E83-6542-45B5-8D26-4E045C5ABA40}.Debug|x64.ActiveCfg = Debug|x64
		{920F4E83-6542-45B5-8D26-4E045C5ABA40}.Debug|x64.Build.0 = Debug|x64
		{920F4E83-6542-45B5-8D26-4E045C5ABA40}.Debug|x86.ActiveCfg = Debug|Win32
		{920F4E83-6542-45B5-8D26-4E045C5ABA40}.Debug|x86.Build.0 = Debug|Win32
		{920F4E83-6542-45B5-8D26-4E045C5ABA40}.Release|x64.ActiveCfg = Release|x64
		{920F4E83-6542-45B5-8D26-4E045C5ABA40}.Release|x64.Build.0 = Release|x64
		{920F4E83-6542-45B5-8D26-4E045C5ABA40}.Release|x86.ActiveCfg = Release|Win32
		{920F4E83-6542-45B5-8D26-4E045C5ABA40}.Release|x86.Build.0 = Release|Win32
		{15439CA7-A3A0-4BA3-A30B-2BF1531B1224}.Debug|x64.ActiveCfg = Debug|x64
		{15439CA7-A3A0-4BA3-A30B-2BF1531B1224}.Debug|x64.Build.0 = Debug|x64
		{15439CA7-A3A0-4BA3-A30B-2BF1531B1224}.Debug|x86.ActiveCfg = Debug|Win32
		{15439CA7-A3A0-4BA3-A30B-2BF1531B1224}.Debug|x86.Build.0 = Debug|Win32
		{15439CA7-A3A0-4BA3-A30B-2BF1531B1224}.Release|x64.ActiveCfg = Release|x64
		{15439CA7-A3A0-4BA3-A30B-2BF1531B1224}.Release|x64.Build.0 = Release|x64
		{15439CA7-A3A0-4BA3-A30B-2BF1531B1224}.Release|x86.ActiveCfg = Release|Win32
		{15439CA7-A3A0-4BA3-A30B-2BF1531B1224}.Release|x86.Build.0 = Release|Win32
		{BE09080C-67BB-4CF3-91F7-703FDD0DB538}.Debug|x64.ActiveCfg = Debug|x64
		{BE09080C-67BB-4CF3-91F7-703FDD0DB538}.Debug|x64.Build.0 = Debug|x64
		{BE09080C-67BB-4CF3-91F7-703FDD0DB538}.Debug|x86.ActiveCfg = Debug|Win32
		{BE09080C-67BB-4CF3-91F7-703FDD0DB538}.Debug|x86.Build.0 = Debug|Win32
		{BE09080C-67BB-4CF3-91F7-703FDD0DB538}.Release|x64.ActiveCfg = Release|x64
		{BE09080C-67BB-4CF3-91F7-703FDD0DB538}.Release|x64.Build.0 = Release|x64
		{BE09080C-67BB-4CF3-91F7-703FDD0DB538}.Release|x86.ActiveCfg = Release|Win32
		{BE09080C-67BB-4CF3-91F7-703FDD0DB538}.Release|x86.Build.0 = Release|Win32
		{C5E6AC05-8306-4F75-9A31-D65837D2C252}.Debug|x64.ActiveCfg = Debug|x64
		{C5E6AC05-8306-4F75-9A31-D65837D2C252}.Debug|x64.Build.0 = Debug|x64
		{C5E6AC05-8306-4F75-9A31-D65837D2C252}.Debug|x86.ActiveCfg = Debug|Win32
		{C5E6AC05-8306-4F75-9A31-D65837D2C252}.Debug|x86.Build.0 = Debug|Win32
		{C5E6AC05-8306-4F75-9A31-D65837D2C252}.Release|x64.ActiveCfg = Release|x64
		{C5E6AC05-8306-4F75-9A31-D65837D2C252}.Release|x64.Build.0 = Release|x64
		{C5E6AC05-8306-4F75-9A31-D65837D2C252}.Release|x86.ActiveCfg = Release|Win32
		{C5E6AC05-8306-4F75-9A31-D65837D2C252}.Release|x86.Build.0 = Release|Win32
		{586620E0-2E8A-4995-B172-0BC866A3A460}.Debug|x64.ActiveCfg = Debug|x64
		{586620E0-2E8A-4995-B172-0BC866A3A460}.Debug|x64.Build.0 = Debug|x64
		{586620E0-2E8A-4995-B172-0BC866A3A460}.Debug|x86.ActiveCfg = Debug|Win32
		{586620E0-2E8A-4995-B172-0BC866A3A460}.Debug|x86.Build.0 = Debug|Win32
		{586620E0-2E8A-4995-B172-0BC866A3A460}.Release|x64.ActiveCfg = Release|x64
		{586620E0-2E8A-4995-B172-0BC866A3A460}.Release|x64.Build.0 = Release|x64
		{586620E0-2E8A-4995-B172-0BC866A3A460}.Release|x86.ActiveCfg = Release|Win32
		{586620E0-2E8A-4995-B172-0BC866A3A460}.Release|x86.Build.0 = Release|Win32
		{A7796325-EB6E-4E48-9835-17A4681FD9C4}.Debug|x64.ActiveCfg = Debug|x64
		{A7796325-EB6E-4E48-9835-17A4681FD9C4}.Debug|x64.Build.0 = Debug|x64
		{A7796325-EB6E-4E48-9835-17A4681FD9C4}.Debug|x86.ActiveCfg = Debug|Win32
		{A7796325-EB6E-4E48-9835-17A4681FD9C4}.Debug|x86.Build.0 = Debug|Win32
		{A7796325-EB6E-4E48-9835-17A4681FD9C4}.Release|x64.ActiveCfg = Release|x64
		{A7796325-EB6E-4E48-9835-17A4681FD9C4}.Release|x64.Build.0 = Release|x64
		{A7796325-EB6E-4E48-9835-17A4681FD9C4}.Release|x86.ActiveCfg = Release|Win32
		{A7796325-EB6E-4E48-9835-17A4681FD9C4}.Release|x86.Build.0 = Release|Win32
		{E1A9DD86-C597-4258-A3C8-04ED7A528B49}.Debug|x64.ActiveCfg = Debug|x64
		{E1A9DD86-C597-4258-A3C8-04ED7A528B49}.Debug|x64.Build.0 = Debug|x64
		{E1A9DD86-C597-4258-A3C8-04ED7A528B49}.Debug|x86.ActiveCfg = Debug|Win32
		{E1A9DD86-C597-4258-A3C8-04ED7A528B49}.Debug|x86.Build.0 = Debug|Win32
		{E1A9DD86-C597-4258-A3C8-04ED7A528B49}.Release|x64.ActiveCfg = Release|x64
		{E1A9DD86-C597-4258-A3C8-04ED7A528B49}.Release|x64.Build.0 = Release|x64
		{E1A9DD86-C597-4258-A3C8-04ED7A528B49}.Release|x86.ActiveCfg = Release|Win32
		{E1A9DD86-C597-4258-A3C8-04ED7A528B49}.Release|x86.Build.0 = Release|Win32
		{97D5D64E-AEE7-4B3D-87A8-2EF30B1147CB}.Debug|x64.ActiveCfg = Debug|x64
		{97D5D64E-AEE7-4B3D-87A8-2EF30B1147CB}.Debug|x64.Build.0 = Debug|x64
		{97D5D64E-AEE7-4B3D-87A8-2EF30B1147CB}.Debug|x86.ActiveCfg = Debug|Win32
		{97D5D64E-AEE7-4B3D-87A8-2EF30B1147CB}.Debug|x86.Build.0 = Debug|Win32
		{97D5D64E-AEE7-4B3D-87A8-2EF30B1147CB}.Release|x64.ActiveCfg = Release|x64
		{97D5D64E-AEE7-4B3D-87A8-2EF30B1147CB}.Release|x64.Build.0 = Release|x64
		{97D5D64E-AEE7-4B3D-87A8-2EF30B1147CB}.Release|x86.ActiveCfg = Release|Win32
		{97D5D64E-AEE7-4B3D-87A8-2EF30B1147CB}.Release|x86.Build.0 = Release|Win32
		{CFCD785C-7C0F-4354-83AD-6B056C6E02D1}.Debug|x64.ActiveCfg = Debug|x64
		{CFCD785C-7C0F-4354-83AD-6B056C6E02D1}.Debug|x64.Build.0 = Debug|x64
		{CFCD785C-7C0F-4354-83AD-6B056C6E02D1}.Debug|x86.ActiveCfg = Debug|Win32
		{CFCD785C-7C0F-4354-83AD-6B056C6E02D1}.Debug|x86.Build.0 = Debug|Win32
		{CFCD785C-7C0F-4354-83AD-6B056C6E02D1}.Release|x64.ActiveCfg = Release|x64
		{CFCD785C-7C0F-4354-83AD-6B056C6E02D1}.Release|x64.Build.0 = Release|x64
		{CFCD785C-7C0F-4354-83AD-6B056C6E02D1}.Release|x86.ActiveCfg = Release|Win32
		{CFCD785C-7C0F-4354-83AD-6B056C6E02D1}.Release|x86.Build.0 = Release|Win32
		{962EC712-A7A5-4583-9C0C-5BC01DA5C32E}.Debug|x64.ActiveCfg = Debug|x64
		{962EC712-A7A5-4583-9C0C-5BC01DA5C32E}.Debug|x64.Build.0 = Debug|x64
		{962EC712-A7A5-4583-9C0C-5BC01DA5C32E}.Debug|x86.ActiveCfg = Debug|Win32
		{962EC712-A7A5-4583-9C0C-5BC01DA5C32E}.Debug|x86.Build.0 = Debug|Win32
		{962EC712-A7A5-4583-9C0C-5BC01DA5C32E}.Release|x64.ActiveCfg = Release|x64
		{962EC712-A7A5-4583-9C0C-5BC01DA5C32E}.Release|x64.Build.0 = Release|x64
		{962EC712-A7A5-4583-9C0C-5BC01DA5C32E}.Release|x86.ActiveCfg = Release|Win32
		{962EC712-A7A5-4583-9C0C-5BC01DA5C32E}.Release|x86.Build.0 = Release|Win32
		{244A432C-5460-4809-BF92-A5573505B3A7}.Debug|x64.ActiveCfg = Debug|x64
		{244A432C-5460-4809-BF92-A5573505B3A7}.Debug|x64.Build.0 = Debug|x64
		{244A432C-5460-4809-BF92-A5573505B3A7}.Debug|x86.ActiveCfg = Debug|Win32
		{244A432C-5460-4809-BF92-A5573505B3A7}.Debug|x86.Build.0 = Debug|Win32
		{244A432C-5460-4809-BF92-A5573505B3A7}.Release|x64.ActiveCfg = Release|x64
		{244A432C-5460-4809-BF92-A5573505B3A7}.Release|x64.Build.0 = Release|x64
		{244A432C-5460-4809-BF92-A5573505B3A7}.Release|x86.ActiveCfg = Release|Win32
		{244A432C-5460-4809-BF92-A5573505B3A7}.Release|x86.Build.0 = Release|Win32
		{1BBE111A-CE36-4895-A0F3-1CD95E1C9FF5}.Debug|x64.ActiveCfg = Debug|x64
		{1BBE111A-CE36-4895-A0F3-1CD95E1C9FF5}.Debug|x64.Build.0 = Debug|x64
		{1BBE111A-CE36-4895-A0F3-1CD95E1C9FF5}.Debug|x86.ActiveCfg = Debug|Win32
		{1BBE111A-CE36-4895-A0F3-1CD95E1C9FF5}.Debug|x86.Build.0 = Debug|Win32
		{1BBE111A-CE36-4895-A0F3-1CD95E1C9FF5}.Release|x64.ActiveCfg = Release|x64
		{1BBE111A-CE36-4895-A0F3-1CD95E1C9FF5}.Release|x64.Build.0 = Release|x64
		{1BBE111A-CE36-4895-A0F3-1CD95E1C9FF5}.Release|x86.ActiveCfg = Release|Win32
		{1BBE111A-CE36-4895-A0F3-1CD95E1C9FF5}.Release|x86.Build.0 = Release|Win32
		{915EE47F-E50B-4D05-99E7-F54BF63C2423}.Debug|x64.ActiveCfg = Debug|x64
		{915EE47F-E50B-4D05-99E7-F54BF63C2423}.Debug|x64.Build.0 = Debug|x64
		{915EE47F-E50B-4D05-99E7-F54BF63C2423}.Debug|x86.ActiveCfg = Debug|Win32
		{915EE47F-E50B-4D05-99E7-F54BF63C2423}.Debug|x86.Build.0 = Debug|Win32
		{915EE47F-E50B-4D05-99E7-F54BF63C2423}.Release|x64.ActiveCfg = Release|x64
		{915EE47F-E50B-4D05-99E7-F54BF63C2423}.Release|x64.Build.0 = Release|x64
		{915EE47F-E50B-4D05-99E7-F54BF63C2423}.Release|x86.ActiveCfg = Release|Win32
		{915EE47F-E50B-4D05-99E7-F54BF63C2423}.Release|x86.Build.0 = Release|Win32
		{D7C37773-9599-4611-B8D1-57BA34FDAAEC}.Debug|x64.ActiveCfg = Debug|x64
		{D7C37773-9599-4611-B8D1-57BA34FDAAEC}.Debug|x64.Build.0 = Debug|x64
		{D7C37773-9599-4611-B8D1-57BA34FDAAEC}.Debug|x86.ActiveCfg = Debug|Win32
		{D7C37773-9599-4611-B8D1-57BA34FDAAEC}.Debug|x86.Build.0 = Debug|Win32
		{D7C37773-9599-4611-B8D1-57BA34FDAAEC}.Release|x64.ActiveCfg = Release|x64
		{D7C37773-9599-4611-B8D1-57BA34FDAAEC}.Release|x64.Build.0 = Release|x64
		{D7C37773-9599-4611-B8D1-57BA34FDAAEC}.Release|x86.ActiveCfg = Release|Win32
		{D7C37773-9599-4611-B8D1-57BA34FDAAEC}.Release|x86.Build.0 = Release|Win32
		{20AC5FCE-772B-452B-8E0D-531A79E5777D}.Debug|x64.ActiveCfg = Debug|x64
		{20AC5FCE-772B-452B-8E0D-531A79E5777D}.Debug|x64.Build.0 = Debug|x64
		{20AC5FCE-772B-452B-8E0D-531A79E5777D}.Debug|x86.ActiveCfg = Debug|Win32
		{20AC5FCE-772B-452B-8E0D-531A79E5777D}.Debug|x86.Build.0 = Debug|Win32
		{20AC5FCE-772B-452B-8E0D-531A79E5777D}.Release|x64.ActiveCfg = Release|x64
		{20AC5FCE-772B-452B-8E0D-531A79E5777D}.Release|x64.Build.0 = Release|x64
		{20AC5FCE-772B-452B-8E0D-531A79E5777D}.Release|x86.ActiveCfg = Release|Win32
		{20AC5FCE-772B-452B-8E0D-531A79E5777D}.Release|x86.Build.0 = Release|Win32
		{06E6B166-06C7-4452-8181-50DCA2BE66A4}.Debug|x64.ActiveCfg = Debug|x64
		{06E6B166-06C7-4452-8181-50DCA2BE66A4}.Debug|x64.Build.0 = Debug|x64
		{06E6B166-06C7-4452-8181-50DCA2BE66A4}.Debug|x86.ActiveCfg = Debug|Win32
		{06E6B166-06C7-4452-8181-50DCA2BE66A4}.Debug|x86.Build.0 = Debug|Win32
		{06E6B166-06C7-4452-8181-50DCA2BE66A4}.Release|x64.ActiveCfg = Release|x64
		{06E6B166-06C7-4452-8181-50DCA2BE66A4}.Release|x64.Build.0 = Release|x64
		{06E6B166-06C7-4452-8181-50DCA2BE66A4}.Release|x86.ActiveCfg = Release|Win32
		{06E6B166-06C7-4452-8181-50DCA2BE66A4}.Release|x86.Build.0 = Release|Win32
		{D7DDDE20-2192-443A-AAFF-C907B6DAD521}.Debug|x64.ActiveCfg = Debug|x64
		{D7DDDE20-2192-443A-AAFF-C907B6DAD521}.Debug|x64.Build.0 = Debug|x64
		{D7DDDE20-2192-443A-AAFF-C907B6DAD521}.Debug|x86.ActiveCfg = Debug|Win32
		{D7DDDE20-2192-443A-AAFF-C907B6DAD521}.Debug|x86.Build.0 = Debug|Win32
		{D7DDDE20-2192-443A-AAFF-C907B6DAD521}.Release|x64.ActiveCfg = Release|x64
		{D7DDDE20-2192-443A-AAFF-C907B6DAD521}.Release|x64.Build.0 = Release|x64
		{D7DDDE20-2192-443A-AAFF-C907B6DAD521}.Release|x86.ActiveCfg = Release|Win32
		{D7DDDE20-2192-443A-AAFF-C907B6DAD521}.Release|x86.Build.0 = Release|Win32
		{A59CE66D-9266-47D8-8220-8EA56F4E4E63}.Debug|x64.ActiveCfg = Debug|x64
		{A59CE66D-9266-47D8-8220-8EA56F4E4E63}.Debug|x64.Build.0 = Debug|x64
		{A59CE66D-9266-47D8-8220-8EA56F4E4E63}.Debug|x86.ActiveCfg = Debug|Win32
		{A59CE66D-9266-47D8-8220-8EA56F4E4E63}.Debug|x86.Build.0 = Debug|Win32
		{A59CE66D-9266-47D8-8220-8EA56F4E4E63}.Release|x64.ActiveCfg = Release|x64
		{A59CE66D-9266-47D8-8220-8EA56F4E4E63}.Release|x64.Build.0 = Release|x64
		{A59CE66D-9266-47D8-8220-8EA56F4E4E63}.Release|x86.ActiveCfg = Release|Win32
		{A59CE66D-9266-47D8-8220-8EA56F4E4E63}.Release|x86.Build.0 = Release|Win32
		{AC1BB1FC-358E-492B-9BEF-D9C6EC728587}.Debug|x64.ActiveCfg = Debug|x64
		{AC1BB1FC-358E-492B-9BEF-D9C6EC728587}.Debug|x64.Build.0 = Debug|x64
		{AC1BB1FC-358E-492B-9BEF-D9C6EC728587}.Debug|x86.ActiveCfg = Debug|Win32
		{AC1BB1FC-358E-492B-9BEF-D9C6EC728587}.Debug|x86.Build.0 = Debug|Win32
		{AC1BB1FC-358E-492B-9BEF-D9C6EC728587}.Release|x64.ActiveCfg = Release|x64
		{AC1BB1FC-358E-492B-9BEF-D9C6EC728587}.Release|x64.Build.0 = Release|x64
		{AC1BB1FC-358E-492B-9BEF-D9C6EC728587}.Release|x86.ActiveCfg = Release|Win32
		{AC1BB1FC-358E-492B-9BEF-D9C6EC728587}.Release|x86.Build.0 = Release|Win32
		{BB2D068A-CD9C-4C81-B5DC-84528B8F05E2}.Debug|x64.ActiveCfg = Debug|x64
		{BB2D068A-CD9C-4C81-B5DC-84528B8F05E2}.Debug|x64.Build.0 = Debug|x64
		{BB2D068A-CD9C-4C81-B5DC-84528B8F05E2}.Debug|x86.ActiveCfg = Debug|Win32
		{BB2D068A-CD9C-4C81-B5DC-84528B8F05E2}.Debug|x86.Build.0 = Debug|Win32
		{BB2D068A-CD9C-4C81-B5DC-84528B8F05E2}.Release|x64.ActiveCfg = Release|x64
		{BB2D068A-CD9C-4C81-B5DC-84528B8F05E2}.Release|x64.Build.0 = Release|x64
		{BB2D068A-CD9C-4C81-B5DC-84528B8F05E2}.Release|x86.ActiveCfg = Release|Win32
		{BB2D068A-CD9C-4C81-B5DC-84528B8F05E2}.Release|x86.Build.0 = Release|Win32
		{AE35E66A-BAA9-451A-B1B4-C457F11E4073}.Debug|x64.ActiveCfg = Debug|x64
		{AE35E66A-BAA9-451A-B1B4-C457F11E4073}.Debug|x64.Build.0 = Debug|x64
		{AE35E66A-BAA9-451A-B1B4-C457F11E4073}.Debug|x86.ActiveCfg = Debug|Win32
		{AE35E66A-BAA9-451A-B1B4-C457F11E4073}.Debug|x86.Build.0 = Debug|Win32
		{AE35E66A-BAA9-451A-B1B4-C457F11E4073}.Release|x64.ActiveCfg = Release|x64
		{AE35E66A-BAA9-451A-B1B4-C457F11E4073}.Release|x64.Build.0 = Release|x64
		{AE35E66A-BAA9-451A-B1B4-C457F11E4073}.Release|x86.ActiveCfg = Release|Win32
		{AE35E66A-BAA9-451A-B1B4-C457F11E4073}.Release|x86.Build.0 = Release|Win32
		{99B15C8A-2AA0-4AE0-826B-DF1C42DCDF59}.Debug|x64.ActiveCfg = Debug|x64
		{99B15C8A-2AA0-4AE0-826B-DF1C42DCDF59}.Debug|x64.Build.0 = Debug|x64
		{99B15C8A-2AA0-4AE0-826B-DF1C42DCDF59}.Debug|x86.ActiveCfg = Debug|Win32
		{99B15C8A-2AA0-4AE0-826B-DF1C42DCDF59}.Debug|x86.Build.0 = Debug|Win32
		{99B15C8A-2AA0-4AE0-826B-DF1C42DCDF59}.Release|x64.ActiveCfg = Release|x64
		{99B15C8A-2AA0-4AE0-826B-DF1C42DCDF59}.Release|x64.Build.0 = Release|x64
		{99B15C8A-2AA0-4AE0-826B-DF1C42DCDF59}.Release|x86.ActiveCfg = Release|Win32
		{99B15C8A-2AA0-4AE0-826B-DF1C42DCDF59}.Release|x86.Build.0 = Release|Win32
		{FAB2ECC6-FC39-4795-AC04-9119A34C75DC}.Debug|x64.ActiveCfg = Debug|x64
		{FAB2ECC6-FC39-4795-AC04-9119A34C75DC}.Debug|x64.Build.0 = Debug|x64
		{FAB2ECC6-FC39-4795-AC04-9119A34C75DC}.Debug|x86.ActiveCfg = Debug|Win32
		{FAB2ECC6-FC39-4795-AC04-9119A34C75DC}.Debug|x86.Build.0 = Debug|Win32
		{FAB2ECC6-FC39-4795-AC04-9119A34C75DC}.Release|x64.ActiveCfg = Release|x64
		{FAB2ECC6-FC39-4795-AC04-9119A34C75DC}.Release|x64.Build.0 = Release|x64
		{FAB2ECC6-FC39-4795-AC04-9119A34C75DC}.Release|x86.ActiveCfg = Release|Win32
		{FAB2ECC6-FC39-4795-AC04-9119A34C75DC}.Release|x86.Build.0 = Release|Win32
		{9980FD39-2787-45A6-B47D-A5ADE8412944}.Debug|x64.ActiveCfg = Debug|x64
		{9980FD39-2787-45A6-B47D-A5ADE8412944}.Debug|x64.Build.0 = Debug|x64
		{9980FD39-2787-45A6-B47D-A5ADE8412944}.Debug|x86.ActiveCfg = Debug|Win32
		{9980FD39-2787-45A6-B47D-A5ADE8412944}.Debug|x86.Build.0 = Debug|Win32
		{9980FD39-2787-45A6-B47D-A5ADE8412944}.Release|x64.ActiveCfg = Release|x64
		{9980FD39-2787-45A6-B47D-A5ADE8412944}.Release|x64.Build.0 = Release|x64
		{9980FD39-2787-45A6-B47D-A5ADE8412944}.Release|x86.ActiveCfg = Release|Win32
		{9980FD39-2787-45A6-B47D-A5ADE8412944}.Release|x86.Build.0 = Release|Win32
	EndGlobalSection
	GlobalSection(SolutionProperties) = preSolution
		HideSolutionNode = FALSE
	EndGlobalSection
	GlobalSection(NestedProjects) = preSolution
		{61D263DA-F409-4DDB-AA3C-0507446035CE} = {87D377A9-EF37-4BCC-BAD3-E2F3547D4100}
		{920F4E83-6542-45B5-8D26-4E045C5ABA40} = {87D377A9-EF37-4BCC-BAD3-E2F3547D4100}
		{15439CA7-A3A0-4BA3-A30B-2BF1531B1224} = {4B514848-0AB7-4B9C-8CAD-10516FAEB08D}
		{BE09080C-67BB-4CF3-91F7-703FDD0DB538} = {4B514848-0AB7-4B9C-8CAD-10516FAEB08D}
		{C5E6AC05-8306-4F75-9A31-D65837D2C252} = {87D377A9-EF37-4BCC-BAD3-E2F3547D4100}
		{586620E0-2E8A-4995-B172-0BC866A3A460} = {87D377A9-EF37-4BCC-BAD3-E2F3547D4100}
		{A7796325-EB6E-4E48-9835-17A4681FD9C4} = {4B514848-0AB7-4B9C-8CAD-10516FAEB08D}
		{E1A9DD86-C597-4258-A3C8-04ED7A528B49} = {4B514848-0AB7-4B9C-8CAD-10516FAEB08D}
		{97D5D64E-AEE7-4B3D-87A8-2EF30B1147CB} = {87D377A9-EF37-4BCC-BAD3-E2F3547D4100}
		{CFCD785C-7C0F-4354-83AD-6B056C6E02D1} = {87D377A9-EF37-4BCC-BAD3-E2F3547D4100}
		{962EC712-A7A5-4583-9C0C-5BC01DA5C32E} = {4B514848-0AB7-4B9C-8CAD-10516FAEB08D}
		{244A432C-5460-4809-BF92-A5573505B3A7} = {4B514848-0AB7-4B9C-8CAD-10516FAEB08D}
		{1BBE111A-CE36-4895-A0F3-1CD95E1C9FF5} = {4B514848-0AB7-4B9C-8CAD-10516FAEB08D}
		{915EE47F-E50B-4D05-99E7-F54BF63C2423} = {4B514848-0AB7-4B9C-8CAD-10516FAEB08D}
		{D7C37773-9599-4611-B8D1-57BA34FDAAEC} = {D900B745-9F62-4BF0-9E39-C581773C7483}
		{20AC5FCE-772B-452B-8E0D-531A79E5777D} = {D900B745-9F62-4BF0-9E39-C581773C7483}
		{06E6B166-06C7-4452-8181-50DCA2BE66A4} = {D900B745-9F62-4BF0-9E39-C581773C7483}
		{D7DDDE20-2192-443A-AAFF-C907B6DAD521} = {D900B745-9F62-4BF0-9E39-C581773C7483}
		{A59CE66D-9266-47D8-8220-8EA56F4E4E63} = {D900B745-9F62-4BF0-9E39-C581773C7483}
		{AC1BB1FC-358E-492B-9BEF-D9C6EC728587} = {87D377A9-EF37-4BCC-BAD3-E2F3547D4100}
		{BB2D068A-CD9C-4C81-B5DC-84528B8F05E2} = {87D377A9-EF37-4BCC-BAD3-E2F3547D4100}
		{AE35E66A-BAA9-451A-B1B4-C457F11E4073} = {87D377A9-EF37-4BCC-BAD3-E2F3547D4100}
		{99B15C8A-2AA0-4AE0-826B-DF1C42DCDF59} = {87D377A9-EF37-4BCC-BAD3-E2F3547D4100}
		{FAB2ECC6-FC39-4795-AC04-9119A34C75DC} = {87D377A9-EF37-4BCC-BAD3-E2F3547D4100}
		{9980FD39-2787-45A6-B47D-A5ADE8412944} = {87D377A9-EF37-4BCC-BAD3-E2F3547D4100}
	EndGlobalSection
	GlobalSection(ExtensibilityGlobals) = postSolution
		SolutionGuid = {B2F73452-AD86-4D77-984C-4D97E6AAD585}
	EndGlobalSection
EndGlobal
